// !$*UTF8*$!
{
	archiveVersion = 1;
	classes = {
	};
	objectVersion = 77;
	objects = {

/* Begin PBXContainerItemProxy section */
		C76689CC2DDE97EC0011462C /* PBXContainerItemProxy */ = {
			isa = PBXContainerItemProxy;
			containerPortal = C76689B32DDE97EB0011462C /* Project object */;
			proxyType = 1;
			remoteGlobalIDString = C76689BA2DDE97EB0011462C;
			remoteInfo = BrushT;
		};
		C76689D62DDE97EC0011462C /* PBXContainerItemProxy */ = {
			isa = PBXContainerItemProxy;
			containerPortal = C76689B32DDE97EB0011462C /* Project object */;
			proxyType = 1;
			remoteGlobalIDString = C76689BA2DDE97EB0011462C;
			remoteInfo = BrushT;
		};
/* End PBXContainerItemProxy section */

/* Begin PBXFileReference section */
		C76689BB2DDE97EB0011462C /* BrushT.app */ = {isa = PBXFileReference; explicitFileType = wrapper.application; includeInIndex = 0; path = BrushT.app; sourceTree = BUILT_PRODUCTS_DIR; };
		C76689CB2DDE97EC0011462C /* BrushTTests.xctest */ = {isa = PBXFileReference; explicitFileType = wrapper.cfbundle; includeInIndex = 0; path = BrushTTests.xctest; sourceTree = BUILT_PRODUCTS_DIR; };
		C76689D52DDE97EC0011462C /* BrushTUITests.xctest */ = {isa = PBXFileReference; explicitFileType = wrapper.cfbundle; includeInIndex = 0; path = BrushTUITests.xctest; sourceTree = BUILT_PRODUCTS_DIR; };
/* End PBXFileReference section */

/* Begin PBXFileSystemSynchronizedRootGroup section */
		C76689BD2DDE97EB0011462C /* BrushT */ = {
			isa = PBXFileSystemSynchronizedRootGroup;
			path = BrushT;
			sourceTree = "<group>";
		};
		C76689CE2DDE97EC0011462C /* BrushTTests */ = {
			isa = PBXFileSystemSynchronizedRootGroup;
			path = BrushTTests;
			sourceTree = "<group>";
		};
		C76689D82DDE97EC0011462C /* BrushTUITests */ = {
			isa = PBXFileSystemSynchronizedRootGroup;
			path = BrushTUITests;
			sourceTree = "<group>";
		};
/* End PBXFileSystemSynchronizedRootGroup section */

/* Begin PBXFrameworksBuildPhase section */
		C76689B82DDE97EB0011462C /* Frameworks */ = {
			isa = PBXFrameworksBuildPhase;
			buildActionMask = 2147483647;
			files = (
			);
			runOnlyForDeploymentPostprocessing = 0;
		};
		C76689C82DDE97EC0011462C /* Frameworks */ = {
			isa = PBXFrameworksBuildPhase;
			buildActionMask = 2147483647;
			files = (
			);
			runOnlyForDeploymentPostprocessing = 0;
		};
		C76689D22DDE97EC0011462C /* Frameworks */ = {
			isa = PBXFrameworksBuildPhase;
			buildActionMask = 2147483647;
			files = (
			);
			runOnlyForDeploymentPostprocessing = 0;
		};
/* End PBXFrameworksBuildPhase section */

/* Begin PBXGroup section */
		C76689B22DDE97EB0011462C = {
			isa = PBXGroup;
			children = (
				C76689BD2DDE97EB0011462C /* BrushT */,
				C76689CE2DDE97EC0011462C /* BrushTTests */,
				C76689D82DDE97EC0011462C /* BrushTUITests */,
				C76689BC2DDE97EB0011462C /* Products */,
			);
			sourceTree = "<group>";
		};
		C76689BC2DDE97EB0011462C /* Products */ = {
			isa = PBXGroup;
			children = (
				C76689BB2DDE97EB0011462C /* BrushT.app */,
				C76689CB2DDE97EC0011462C /* BrushTTests.xctest */,
				C76689D52DDE97EC0011462C /* BrushTUITests.xctest */,
			);
			name = Products;
			sourceTree = "<group>";
		};
/* End PBXGroup section */

/* Begin PBXNativeTarget section */
		C76689BA2DDE97EB0011462C /* BrushT */ = {
			isa = PBXNativeTarget;
			buildConfigurationList = C76689DF2DDE97EC0011462C /* Build configuration list for PBXNativeTarget "BrushT" */;
			buildPhases = (
				C76689B72DDE97EB0011462C /* Sources */,
				C76689B82DDE97EB0011462C /* Frameworks */,
				C76689B92DDE97EB0011462C /* Resources */,
			);
			buildRules = (
			);
			dependencies = (
			);
			fileSystemSynchronizedGroups = (
				C76689BD2DDE97EB0011462C /* BrushT */,
			);
			name = BrushT;
			packageProductDependencies = (
			);
			productName = BrushT;
			productReference = C76689BB2DDE97EB0011462C /* BrushT.app */;
			productType = "com.apple.product-type.application";
		};
		C76689CA2DDE97EC0011462C /* BrushTTests */ = {
			isa = PBXNativeTarget;
			buildConfigurationList = C76689E22DDE97EC0011462C /* Build configuration list for PBXNativeTarget "BrushTTests" */;
			buildPhases = (
				C76689C72DDE97EC0011462C /* Sources */,
				C76689C82DDE97EC0011462C /* Frameworks */,
				C76689C92DDE97EC0011462C /* Resources */,
			);
			buildRules = (
			);
			dependencies = (
				C76689CD2DDE97EC0011462C /* PBXTargetDependency */,
			);
			fileSystemSynchronizedGroups = (
				C76689CE2DDE97EC0011462C /* BrushTTests */,
			);
			name = BrushTTests;
			packageProductDependencies = (
			);
			productName = BrushTTests;
			productReference = C76689CB2DDE97EC0011462C /* BrushTTests.xctest */;
			productType = "com.apple.product-type.bundle.unit-test";
		};
		C76689D42DDE97EC0011462C /* BrushTUITests */ = {
			isa = PBXNativeTarget;
			buildConfigurationList = C76689E52DDE97EC0011462C /* Build configuration list for PBXNativeTarget "BrushTUITests" */;
			buildPhases = (
				C76689D12DDE97EC0011462C /* Sources */,
				C76689D22DDE97EC0011462C /* Frameworks */,
				C76689D32DDE97EC0011462C /* Resources */,
			);
			buildRules = (
			);
			dependencies = (
				C76689D72DDE97EC0011462C /* PBXTargetDependency */,
			);
			fileSystemSynchronizedGroups = (
				C76689D82DDE97EC0011462C /* BrushTUITests */,
			);
			name = BrushTUITests;
			packageProductDependencies = (
			);
			productName = BrushTUITests;
			productReference = C76689D52DDE97EC0011462C /* BrushTUITests.xctest */;
			productType = "com.apple.product-type.bundle.ui-testing";
		};
/* End PBXNativeTarget section */

/* Begin PBXProject section */
		C76689B32DDE97EB0011462C /* Project object */ = {
			isa = PBXProject;
			attributes = {
				BuildIndependentTargetsInParallel = 1;
				LastSwiftUpdateCheck = 1620;
				LastUpgradeCheck = 1620;
				TargetAttributes = {
					C76689BA2DDE97EB0011462C = {
						CreatedOnToolsVersion = 16.2;
					};
					C76689CA2DDE97EC0011462C = {
						CreatedOnToolsVersion = 16.2;
						TestTargetID = C76689BA2DDE97EB0011462C;
					};
					C76689D42DDE97EC0011462C = {
						CreatedOnToolsVersion = 16.2;
						TestTargetID = C76689BA2DDE97EB0011462C;
					};
				};
			};
			buildConfigurationList = C76689B62DDE97EB0011462C /* Build configuration list for PBXProject "BrushT" */;
			developmentRegion = en;
			hasScannedForEncodings = 0;
			knownRegions = (
				en,
				Base,
			);
			mainGroup = C76689B22DDE97EB0011462C;
			minimizedProjectReferenceProxies = 1;
			preferredProjectObjectVersion = 77;
			productRefGroup = C76689BC2DDE97EB0011462C /* Products */;
			projectDirPath = "";
			projectRoot = "";
			targets = (
				C76689BA2DDE97EB0011462C /* BrushT */,
				C76689CA2DDE97EC0011462C /* BrushTTests */,
				C76689D42DDE97EC0011462C /* BrushTUITests */,
			);
		};
/* End PBXProject section */

/* Begin PBXResourcesBuildPhase section */
		C76689B92DDE97EB0011462C /* Resources */ = {
			isa = PBXResourcesBuildPhase;
			buildActionMask = 2147483647;
			files = (
			);
			runOnlyForDeploymentPostprocessing = 0;
		};
		C76689C92DDE97EC0011462C /* Resources */ = {
			isa = PBXResourcesBuildPhase;
			buildActionMask = 2147483647;
			files = (
			);
			runOnlyForDeploymentPostprocessing = 0;
		};
		C76689D32DDE97EC0011462C /* Resources */ = {
			isa = PBXResourcesBuildPhase;
			buildActionMask = 2147483647;
			files = (
			);
			runOnlyForDeploymentPostprocessing = 0;
		};
/* End PBXResourcesBuildPhase section */

/* Begin PBXSourcesBuildPhase section */
		C76689B72DDE97EB0011462C /* Sources */ = {
			isa = PBXSourcesBuildPhase;
			buildActionMask = 2147483647;
			files = (
			);
			runOnlyForDeploymentPostprocessing = 0;
		};
		C76689C72DDE97EC0011462C /* Sources */ = {
			isa = PBXSourcesBuildPhase;
			buildActionMask = 2147483647;
			files = (
			);
			runOnlyForDeploymentPostprocessing = 0;
		};
		C76689D12DDE97EC0011462C /* Sources */ = {
			isa = PBXSourcesBuildPhase;
			buildActionMask = 2147483647;
			files = (
			);
			runOnlyForDeploymentPostprocessing = 0;
		};
/* End PBXSourcesBuildPhase section */

/* Begin PBXTargetDependency section */
		C76689CD2DDE97EC0011462C /* PBXTargetDependency */ = {
			isa = PBXTargetDependency;
			target = C76689BA2DDE97EB0011462C /* BrushT */;
			targetProxy = C76689CC2DDE97EC0011462C /* PBXContainerItemProxy */;
		};
		C76689D72DDE97EC0011462C /* PBXTargetDependency */ = {
			isa = PBXTargetDependency;
			target = C76689BA2DDE97EB0011462C /* BrushT */;
			targetProxy = C76689D62DDE97EC0011462C /* PBXContainerItemProxy */;
		};
/* End PBXTargetDependency section */

/* Begin XCBuildConfiguration section */
		C76689DD2DDE97EC0011462C /* Debug */ = {
			isa = XCBuildConfiguration;
			buildSettings = {
				ALWAYS_SEARCH_USER_PATHS = NO;
				ASSETCATALOG_COMPILER_GENERATE_SWIFT_ASSET_SYMBOL_EXTENSIONS = YES;
				CLANG_ANALYZER_NONNULL = YES;
				CLANG_ANALYZER_NUMBER_OBJECT_CONVERSION = YES_AGGRESSIVE;
				CLANG_CXX_LANGUAGE_STANDARD = "gnu++20";
				CLANG_ENABLE_MODULES = YES;
				CLANG_ENABLE_OBJC_ARC = YES;
				CLANG_ENABLE_OBJC_WEAK = YES;
				CLANG_WARN_BLOCK_CAPTURE_AUTORELEASING = YES;
				CLANG_WARN_BOOL_CONVERSION = YES;
				CLANG_WARN_COMMA = YES;
				CLANG_WARN_CONSTANT_CONVERSION = YES;
				CLANG_WARN_DEPRECATED_OBJC_IMPLEMENTATIONS = YES;
				CLANG_WARN_DIRECT_OBJC_ISA_USAGE = YES_ERROR;
				CLANG_WARN_DOCUMENTATION_COMMENTS = YES;
				CLANG_WARN_EMPTY_BODY = YES;
				CLANG_WARN_ENUM_CONVERSION = YES;
				CLANG_WARN_INFINITE_RECURSION = YES;
				CLANG_WARN_INT_CONVERSION = YES;
				CLANG_WARN_NON_LITERAL_NULL_CONVERSION = YES;
				CLANG_WARN_OBJC_IMPLICIT_RETAIN_SELF = YES;
				CLANG_WARN_OBJC_LITERAL_CONVERSION = YES;
				CLANG_WARN_OBJC_ROOT_CLASS = YES_ERROR;
				CLANG_WARN_QUOTED_INCLUDE_IN_FRAMEWORK_HEADER = YES;
				CLANG_WARN_RANGE_LOOP_ANALYSIS = YES;
				CLANG_WARN_STRICT_PROTOTYPES = YES;
				CLANG_WARN_SUSPICIOUS_MOVE = YES;
				CLANG_WARN_UNGUARDED_AVAILABILITY = YES_AGGRESSIVE;
				CLANG_WARN_UNREACHABLE_CODE = YES;
				CLANG_WARN__DUPLICATE_METHOD_MATCH = YES;
				COPY_PHASE_STRIP = NO;
				DEBUG_INFORMATION_FORMAT = dwarf;
				ENABLE_STRICT_OBJC_MSGSEND = YES;
				ENABLE_TESTABILITY = YES;
				ENABLE_USER_SCRIPT_SANDBOXING = YES;
				GCC_C_LANGUAGE_STANDARD = gnu17;
				GCC_DYNAMIC_NO_PIC = NO;
				GCC_NO_COMMON_BLOCKS = YES;
				GCC_OPTIMIZATION_LEVEL = 0;
				GCC_PREPROCESSOR_DEFINITIONS = (
					"DEBUG=1",
					"$(inherited)",
				);
				GCC_WARN_64_TO_32_BIT_CONVERSION = YES;
				GCC_WARN_ABOUT_RETURN_TYPE = YES_ERROR;
				GCC_WARN_UNDECLARED_SELECTOR = YES;
				GCC_WARN_UNINITIALIZED_AUTOS = YES_AGGRESSIVE;
				GCC_WARN_UNUSED_FUNCTION = YES;
				GCC_WARN_UNUSED_VARIABLE = YES;
				IPHONEOS_DEPLOYMENT_TARGET = 18.2;
				LOCALIZATION_PREFERS_STRING_CATALOGS = YES;
				MTL_ENABLE_DEBUG_INFO = INCLUDE_SOURCE;
				MTL_FAST_MATH = YES;
				ONLY_ACTIVE_ARCH = YES;
				SDKROOT = iphoneos;
				SWIFT_ACTIVE_COMPILATION_CONDITIONS = "DEBUG $(inherited)";
				SWIFT_OPTIMIZATION_LEVEL = "-Onone";
			};
			name = Debug;
		};
		C76689DE2DDE97EC0011462C /* Release */ = {
			isa = XCBuildConfiguration;
			buildSettings = {
				ALWAYS_SEARCH_USER_PATHS = NO;
				ASSETCATALOG_COMPILER_GENERATE_SWIFT_ASSET_SYMBOL_EXTENSIONS = YES;
				CLANG_ANALYZER_NONNULL = YES;
				CLANG_ANALYZER_NUMBER_OBJECT_CONVERSION = YES_AGGRESSIVE;
				CLANG_CXX_LANGUAGE_STANDARD = "gnu++20";
				CLANG_ENABLE_MODULES = YES;
				CLANG_ENABLE_OBJC_ARC = YES;
				CLANG_ENABLE_OBJC_WEAK = YES;
				CLANG_WARN_BLOCK_CAPTURE_AUTORELEASING = YES;
				CLANG_WARN_BOOL_CONVERSION = YES;
				CLANG_WARN_COMMA = YES;
				CLANG_WARN_CONSTANT_CONVERSION = YES;
				CLANG_WARN_DEPRECATED_OBJC_IMPLEMENTATIONS = YES;
				CLANG_WARN_DIRECT_OBJC_ISA_USAGE = YES_ERROR;
				CLANG_WARN_DOCUMENTATION_COMMENTS = YES;
				CLANG_WARN_EMPTY_BODY = YES;
				CLANG_WARN_ENUM_CONVERSION = YES;
				CLANG_WARN_INFINITE_RECURSION = YES;
				CLANG_WARN_INT_CONVERSION = YES;
				CLANG_WARN_NON_LITERAL_NULL_CONVERSION = YES;
				CLANG_WARN_OBJC_IMPLICIT_RETAIN_SELF = YES;
				CLANG_WARN_OBJC_LITERAL_CONVERSION = YES;
				CLANG_WARN_OBJC_ROOT_CLASS = YES_ERROR;
				CLANG_WARN_QUOTED_INCLUDE_IN_FRAMEWORK_HEADER = YES;
				CLANG_WARN_RANGE_LOOP_ANALYSIS = YES;
				CLANG_WARN_STRICT_PROTOTYPES = YES;
				CLANG_WARN_SUSPICIOUS_MOVE = YES;
				CLANG_WARN_UNGUARDED_AVAILABILITY = YES_AGGRESSIVE;
				CLANG_WARN_UNREACHABLE_CODE = YES;
				CLANG_WARN__DUPLICATE_METHOD_MATCH = YES;
				COPY_PHASE_STRIP = NO;
				DEBUG_INFORMATION_FORMAT = "dwarf-with-dsym";
				ENABLE_NS_ASSERTIONS = NO;
				ENABLE_STRICT_OBJC_MSGSEND = YES;
				ENABLE_USER_SCRIPT_SANDBOXING = YES;
				GCC_C_LANGUAGE_STANDARD = gnu17;
				GCC_NO_COMMON_BLOCKS = YES;
				GCC_WARN_64_TO_32_BIT_CONVERSION = YES;
				GCC_WARN_ABOUT_RETURN_TYPE = YES_ERROR;
				GCC_WARN_UNDECLARED_SELECTOR = YES;
				GCC_WARN_UNINITIALIZED_AUTOS = YES_AGGRESSIVE;
				GCC_WARN_UNUSED_FUNCTION = YES;
				GCC_WARN_UNUSED_VARIABLE = YES;
				IPHONEOS_DEPLOYMENT_TARGET = 18.2;
				LOCALIZATION_PREFERS_STRING_CATALOGS = YES;
				MTL_ENABLE_DEBUG_INFO = NO;
				MTL_FAST_MATH = YES;
				SDKROOT = iphoneos;
				SWIFT_COMPILATION_MODE = wholemodule;
				VALIDATE_PRODUCT = YES;
			};
			name = Release;
		};
		C76689E02DDE97EC0011462C /* Debug */ = {
			isa = XCBuildConfiguration;
			buildSettings = {
				ASSETCATALOG_COMPILER_APPICON_NAME = AppIcon;
				ASSETCATALOG_COMPILER_GLOBAL_ACCENT_COLOR_NAME = AccentColor;
				CODE_SIGN_STYLE = Automatic;
				CURRENT_PROJECT_VERSION = 1;
				DEVELOPMENT_ASSET_PATHS = "\"BrushT/Preview Content\"";
				DEVELOPMENT_TEAM = 2X8BA3L947;
				ENABLE_PREVIEWS = YES;
				GENERATE_INFOPLIST_FILE = YES;
				INFOPLIST_KEY_UIApplicationSceneManifest_Generation = YES;
				INFOPLIST_KEY_UIApplicationSupportsIndirectInputEvents = YES;
				INFOPLIST_KEY_UILaunchScreen_Generation = YES;
				INFOPLIST_KEY_UISupportedInterfaceOrientations_iPad = "UIInterfaceOrientationPortrait UIInterfaceOrientationPortraitUpsideDown UIInterfaceOrientationLandscapeLeft UIInterfaceOrientationLandscapeRight";
				INFOPLIST_KEY_UISupportedInterfaceOrientations_iPhone = "UIInterfaceOrientationPortrait UIInterfaceOrientationLandscapeLeft UIInterfaceOrientationLandscapeRight";
				LD_RUNPATH_SEARCH_PATHS = (
					"$(inherited)",
					"@executable_path/Frameworks",
				);
				MARKETING_VERSION = 1.0;
				PRODUCT_BUNDLE_IDENTIFIER = ffkisa.roman.BrushT;
				PRODUCT_NAME = "$(TARGET_NAME)";
				SWIFT_EMIT_LOC_STRINGS = YES;
				SWIFT_VERSION = 5.0;
				TARGETED_DEVICE_FAMILY = "1,2";
			};
			name = Debug;
		};
		C76689E12DDE97EC0011462C /* Release */ = {
			isa = XCBuildConfiguration;
			buildSettings = {
				ASSETCATALOG_COMPILER_APPICON_NAME = AppIcon;
				ASSETCATALOG_COMPILER_GLOBAL_ACCENT_COLOR_NAME = AccentColor;
				CODE_SIGN_STYLE = Automatic;
				CURRENT_PROJECT_VERSION = 1;
				DEVELOPMENT_ASSET_PATHS = "\"BrushT/Preview Content\"";
				DEVELOPMENT_TEAM = 2X8BA3L947;
				ENABLE_PREVIEWS = YES;
				GENERATE_INFOPLIST_FILE = YES;
				INFOPLIST_KEY_UIApplicationSceneManifest_Generation = YES;
				INFOPLIST_KEY_UIApplicationSupportsIndirectInputEvents = YES;
				INFOPLIST_KEY_UILaunchScreen_Generation = YES;
				INFOPLIST_KEY_UISupportedInterfaceOrientations_iPad = "UIInterfaceOrientationPortrait UIInterfaceOrientationPortraitUpsideDown UIInterfaceOrientationLandscapeLeft UIInterfaceOrientationLandscapeRight";
				INFOPLIST_KEY_UISupportedInterfaceOrientations_iPhone = "UIInterfaceOrientationPortrait UIInterfaceOrientationLandscapeLeft UIInterfaceOrientationLandscapeRight";
				LD_RUNPATH_SEARCH_PATHS = (
					"$(inherited)",
					"@executable_path/Frameworks",
				);
				MARKETING_VERSION = 1.0;
				PRODUCT_BUNDLE_IDENTIFIER = ffkisa.roman.BrushT;
				PRODUCT_NAME = "$(TARGET_NAME)";
				SWIFT_EMIT_LOC_STRINGS = YES;
				SWIFT_VERSION = 5.0;
				TARGETED_DEVICE_FAMILY = "1,2";
			};
			name = Release;
		};
		C76689E32DDE97EC0011462C /* Debug */ = {
			isa = XCBuildConfiguration;
			buildSettings = {
				BUNDLE_LOADER = "$(TEST_HOST)";
				CODE_SIGN_STYLE = Automatic;
				CURRENT_PROJECT_VERSION = 1;
				DEVELOPMENT_TEAM = 2X8BA3L947;
				GENERATE_INFOPLIST_FILE = YES;
				IPHONEOS_DEPLOYMENT_TARGET = 18.2;
				MARKETING_VERSION = 1.0;
				PRODUCT_BUNDLE_IDENTIFIER = ffkisa.roman.BrushTTests;
				PRODUCT_NAME = "$(TARGET_NAME)";
				SWIFT_EMIT_LOC_STRINGS = NO;
				SWIFT_VERSION = 5.0;
				TARGETED_DEVICE_FAMILY = "1,2";
				TEST_HOST = "$(BUILT_PRODUCTS_DIR)/BrushT.app/$(BUNDLE_EXECUTABLE_FOLDER_PATH)/BrushT";
			};
			name = Debug;
		};
		C76689E42DDE97EC0011462C /* Release */ = {
			isa = XCBuildConfiguration;
			buildSettings = {
				BUNDLE_LOADER = "$(TEST_HOST)";
				CODE_SIGN_STYLE = Automatic;
				CURRENT_PROJECT_VERSION = 1;
				DEVELOPMENT_TEAM = 2X8BA3L947;
				GENERATE_INFOPLIST_FILE = YES;
				IPHONEOS_DEPLOYMENT_TARGET = 18.2;
				MARKETING_VERSION = 1.0;
				PRODUCT_BUNDLE_IDENTIFIER = ffkisa.roman.BrushTTests;
				PRODUCT_NAME = "$(TARGET_NAME)";
				SWIFT_EMIT_LOC_STRINGS = NO;
				SWIFT_VERSION = 5.0;
				TARGETED_DEVICE_FAMILY = "1,2";
				TEST_HOST = "$(BUILT_PRODUCTS_DIR)/BrushT.app/$(BUNDLE_EXECUTABLE_FOLDER_PATH)/BrushT";
			};
			name = Release;
		};
		C76689E62DDE97EC0011462C /* Debug */ = {
			isa = XCBuildConfiguration;
			buildSettings = {
				CODE_SIGN_STYLE = Automatic;
				CURRENT_PROJECT_VERSION = 1;
				DEVELOPMENT_TEAM = 2X8BA3L947;
				GENERATE_INFOPLIST_FILE = YES;
				MARKETING_VERSION = 1.0;
				PRODUCT_BUNDLE_IDENTIFIER = ffkisa.roman.BrushTUITests;
				PRODUCT_NAME = "$(TARGET_NAME)";
				SWIFT_EMIT_LOC_STRINGS = NO;
				SWIFT_VERSION = 5.0;
				TARGETED_DEVICE_FAMILY = "1,2";
				TEST_TARGET_NAME = BrushT;
			};
			name = Debug;
		};
		C76689E72DDE97EC0011462C /* Release */ = {
			isa = XCBuildConfiguration;
			buildSettings = {
				CODE_SIGN_STYLE = Automatic;
				CURRENT_PROJECT_VERSION = 1;
				DEVELOPMENT_TEAM = 2X8BA3L947;
				GENERATE_INFOPLIST_FILE = YES;
				MARKETING_VERSION = 1.0;
				PRODUCT_BUNDLE_IDENTIFIER = ffkisa.roman.BrushTUITests;
				PRODUCT_NAME = "$(TARGET_NAME)";
				SWIFT_EMIT_LOC_STRINGS = NO;
				SWIFT_VERSION = 5.0;
				TARGETED_DEVICE_FAMILY = "1,2";
				TEST_TARGET_NAME = BrushT;
			};
			name = Release;
		};
/* End XCBuildConfiguration section */

/* Begin XCConfigurationList section */
		C76689B62DDE97EB0011462C /* Build configuration list for PBXProject "BrushT" */ = {
			isa = XCConfigurationList;
			buildConfigurations = (
				C76689DD2DDE97EC0011462C /* Debug */,
				C76689DE2DDE97EC0011462C /* Release */,
			);
			defaultConfigurationIsVisible = 0;
			defaultConfigurationName = Release;
		};
		C76689DF2DDE97EC0011462C /* Build configuration list for PBXNativeTarget "BrushT" */ = {
			isa = XCConfigurationList;
			buildConfigurations = (
				C76689E02DDE97EC0011462C /* Debug */,
				C76689E12DDE97EC0011462C /* Release */,
			);
			defaultConfigurationIsVisible = 0;
			defaultConfigurationName = Release;
		};
		C76689E22DDE97EC0011462C /* Build configuration list for PBXNativeTarget "BrushTTests" */ = {
			isa = XCConfigurationList;
			buildConfigurations = (
				C76689E32DDE97EC0011462C /* Debug */,
				C76689E42DDE97EC0011462C /* Release */,
			);
			defaultConfigurationIsVisible = 0;
			defaultConfigurationName = Release;
		};
		C76689E52DDE97EC0011462C /* Build configuration list for PBXNativeTarget "BrushTUITests" */ = {
			isa = XCConfigurationList;
			buildConfigurations = (
				C76689E62DDE97EC0011462C /* Debug */,
				C76689E72DDE97EC0011462C /* Release */,
			);
			defaultConfigurationIsVisible = 0;
			defaultConfigurationName = Release;
		};
/* End XCConfigurationList section */
	};
	rootObject = C76689B32DDE97EB0011462C /* Project object */;
}
